// !$*UTF8*$!
{
	archiveVersion = 1;
	classes = {
	};
	objectVersion = 55;
	objects = {

/* Begin PBXBuildFile section */
		6920528228E77E6200BD24FA /* AppDelegate.swift in Sources */ = {isa = PBXBuildFile; fileRef = 6920528128E77E6200BD24FA /* AppDelegate.swift */; };
		6920528428E77E6200BD24FA /* SceneDelegate.swift in Sources */ = {isa = PBXBuildFile; fileRef = 6920528328E77E6200BD24FA /* SceneDelegate.swift */; };
		6920528B28E77E6600BD24FA /* Assets.xcassets in Resources */ = {isa = PBXBuildFile; fileRef = 6920528A28E77E6600BD24FA /* Assets.xcassets */; };
		6920528E28E77E6600BD24FA /* LaunchScreen.storyboard in Resources */ = {isa = PBXBuildFile; fileRef = 6920528C28E77E6600BD24FA /* LaunchScreen.storyboard */; };
		692052A028E7869A00BD24FA /* ApplicationCoordinator.swift in Sources */ = {isa = PBXBuildFile; fileRef = 6920529C28E7869900BD24FA /* ApplicationCoordinator.swift */; };
		692052A128E7869A00BD24FA /* CoordinatorFactoryProtocol.swift in Sources */ = {isa = PBXBuildFile; fileRef = 6920529D28E7869900BD24FA /* CoordinatorFactoryProtocol.swift */; };
		692052A228E7869A00BD24FA /* RooterProtocol.swift in Sources */ = {isa = PBXBuildFile; fileRef = 6920529E28E7869900BD24FA /* RooterProtocol.swift */; };
		692052A328E7869A00BD24FA /* ViewControllerFactory.swift in Sources */ = {isa = PBXBuildFile; fileRef = 6920529F28E7869900BD24FA /* ViewControllerFactory.swift */; };
		692052AF28E7870500BD24FA /* DeepLinkOption.swift in Sources */ = {isa = PBXBuildFile; fileRef = 692052A628E7870500BD24FA /* DeepLinkOption.swift */; };
		692052B028E7870500BD24FA /* LaunchInstructor.swift in Sources */ = {isa = PBXBuildFile; fileRef = 692052A728E7870500BD24FA /* LaunchInstructor.swift */; };
		692052B128E7870500BD24FA /* ViewController+Coordinator.swift in Sources */ = {isa = PBXBuildFile; fileRef = 692052A928E7870500BD24FA /* ViewController+Coordinator.swift */; };
		692052B228E7870500BD24FA /* BaseCoordinator.swift in Sources */ = {isa = PBXBuildFile; fileRef = 692052AA28E7870500BD24FA /* BaseCoordinator.swift */; };
		692052B328E7870500BD24FA /* CoordinatorFinishOutput.swift in Sources */ = {isa = PBXBuildFile; fileRef = 692052AC28E7870500BD24FA /* CoordinatorFinishOutput.swift */; };
		692052B428E7870500BD24FA /* Presentable.swift in Sources */ = {isa = PBXBuildFile; fileRef = 692052AD28E7870500BD24FA /* Presentable.swift */; };
		692052B528E7870500BD24FA /* Coordinator.swift in Sources */ = {isa = PBXBuildFile; fileRef = 692052AE28E7870500BD24FA /* Coordinator.swift */; };
		692052BA28E787F900BD24FA /* HomeViewController.swift in Sources */ = {isa = PBXBuildFile; fileRef = 692052B828E787F900BD24FA /* HomeViewController.swift */; };
		692052BB28E787F900BD24FA /* HomeViewController.xib in Resources */ = {isa = PBXBuildFile; fileRef = 692052B928E787F900BD24FA /* HomeViewController.xib */; };
		692052BD28E78A4000BD24FA /* SelectAddressView.swift in Sources */ = {isa = PBXBuildFile; fileRef = 692052BC28E78A4000BD24FA /* SelectAddressView.swift */; };
		692052BF28E7B00C00BD24FA /* NearbyCitiesView.swift in Sources */ = {isa = PBXBuildFile; fileRef = 692052BE28E7B00C00BD24FA /* NearbyCitiesView.swift */; };
		692052C128EB689800BD24FA /* HomeViewInteractor.swift in Sources */ = {isa = PBXBuildFile; fileRef = 692052C028EB689800BD24FA /* HomeViewInteractor.swift */; };
		692052C328EB68D700BD24FA /* HomeViewPresenter.swift in Sources */ = {isa = PBXBuildFile; fileRef = 692052C228EB68D700BD24FA /* HomeViewPresenter.swift */; };
		692052C928EB6D7E00BD24FA /* NetworkingWorker.swift in Sources */ = {isa = PBXBuildFile; fileRef = 692052C828EB6D7E00BD24FA /* NetworkingWorker.swift */; };
		692052D128EB71A100BD24FA /* DealTests.swift in Sources */ = {isa = PBXBuildFile; fileRef = 692052D028EB71A100BD24FA /* DealTests.swift */; };
		692052D828EB71BA00BD24FA /* NetworkingWorkerTests.swift in Sources */ = {isa = PBXBuildFile; fileRef = 692052D728EB71B900BD24FA /* NetworkingWorkerTests.swift */; };
		692052DB28EB731A00BD24FA /* City.swift in Sources */ = {isa = PBXBuildFile; fileRef = 692052DA28EB731A00BD24FA /* City.swift */; };
		692052DD28EB7D7800BD24FA /* HomeViewModel.swift in Sources */ = {isa = PBXBuildFile; fileRef = 692052DC28EB7D7700BD24FA /* HomeViewModel.swift */; };
		692052DF28EB7DDE00BD24FA /* HomeModel.swift in Sources */ = {isa = PBXBuildFile; fileRef = 692052DE28EB7DDE00BD24FA /* HomeModel.swift */; };
/* End PBXBuildFile section */

/* Begin PBXContainerItemProxy section */
		692052D228EB71A100BD24FA /* PBXContainerItemProxy */ = {
			isa = PBXContainerItemProxy;
			containerPortal = 6920527628E77E6200BD24FA /* Project object */;
			proxyType = 1;
			remoteGlobalIDString = 6920527D28E77E6200BD24FA;
			remoteInfo = Deal;
		};
/* End PBXContainerItemProxy section */

/* Begin PBXFileReference section */
		6920527E28E77E6200BD24FA /* Deal.app */ = {isa = PBXFileReference; explicitFileType = wrapper.application; includeInIndex = 0; path = Deal.app; sourceTree = BUILT_PRODUCTS_DIR; };
		6920528128E77E6200BD24FA /* AppDelegate.swift */ = {isa = PBXFileReference; lastKnownFileType = sourcecode.swift; path = AppDelegate.swift; sourceTree = "<group>"; };
		6920528328E77E6200BD24FA /* SceneDelegate.swift */ = {isa = PBXFileReference; lastKnownFileType = sourcecode.swift; path = SceneDelegate.swift; sourceTree = "<group>"; };
		6920528A28E77E6600BD24FA /* Assets.xcassets */ = {isa = PBXFileReference; lastKnownFileType = folder.assetcatalog; path = Assets.xcassets; sourceTree = "<group>"; };
		6920528D28E77E6600BD24FA /* Base */ = {isa = PBXFileReference; lastKnownFileType = file.storyboard; name = Base; path = Base.lproj/LaunchScreen.storyboard; sourceTree = "<group>"; };
		6920528F28E77E6600BD24FA /* Info.plist */ = {isa = PBXFileReference; lastKnownFileType = text.plist.xml; path = Info.plist; sourceTree = "<group>"; };
		6920529C28E7869900BD24FA /* ApplicationCoordinator.swift */ = {isa = PBXFileReference; fileEncoding = 4; lastKnownFileType = sourcecode.swift; path = ApplicationCoordinator.swift; sourceTree = "<group>"; };
		6920529D28E7869900BD24FA /* CoordinatorFactoryProtocol.swift */ = {isa = PBXFileReference; fileEncoding = 4; lastKnownFileType = sourcecode.swift; path = CoordinatorFactoryProtocol.swift; sourceTree = "<group>"; };
		6920529E28E7869900BD24FA /* RooterProtocol.swift */ = {isa = PBXFileReference; fileEncoding = 4; lastKnownFileType = sourcecode.swift; path = RooterProtocol.swift; sourceTree = "<group>"; };
		6920529F28E7869900BD24FA /* ViewControllerFactory.swift */ = {isa = PBXFileReference; fileEncoding = 4; lastKnownFileType = sourcecode.swift; path = ViewControllerFactory.swift; sourceTree = "<group>"; };
		692052A628E7870500BD24FA /* DeepLinkOption.swift */ = {isa = PBXFileReference; fileEncoding = 4; lastKnownFileType = sourcecode.swift; path = DeepLinkOption.swift; sourceTree = "<group>"; };
		692052A728E7870500BD24FA /* LaunchInstructor.swift */ = {isa = PBXFileReference; fileEncoding = 4; lastKnownFileType = sourcecode.swift; path = LaunchInstructor.swift; sourceTree = "<group>"; };
		692052A928E7870500BD24FA /* ViewController+Coordinator.swift */ = {isa = PBXFileReference; fileEncoding = 4; lastKnownFileType = sourcecode.swift; path = "ViewController+Coordinator.swift"; sourceTree = "<group>"; };
		692052AA28E7870500BD24FA /* BaseCoordinator.swift */ = {isa = PBXFileReference; fileEncoding = 4; lastKnownFileType = sourcecode.swift; path = BaseCoordinator.swift; sourceTree = "<group>"; };
		692052AC28E7870500BD24FA /* CoordinatorFinishOutput.swift */ = {isa = PBXFileReference; fileEncoding = 4; lastKnownFileType = sourcecode.swift; path = CoordinatorFinishOutput.swift; sourceTree = "<group>"; };
		692052AD28E7870500BD24FA /* Presentable.swift */ = {isa = PBXFileReference; fileEncoding = 4; lastKnownFileType = sourcecode.swift; path = Presentable.swift; sourceTree = "<group>"; };
		692052AE28E7870500BD24FA /* Coordinator.swift */ = {isa = PBXFileReference; fileEncoding = 4; lastKnownFileType = sourcecode.swift; path = Coordinator.swift; sourceTree = "<group>"; };
		692052B828E787F900BD24FA /* HomeViewController.swift */ = {isa = PBXFileReference; lastKnownFileType = sourcecode.swift; path = HomeViewController.swift; sourceTree = "<group>"; };
		692052B928E787F900BD24FA /* HomeViewController.xib */ = {isa = PBXFileReference; lastKnownFileType = file.xib; path = HomeViewController.xib; sourceTree = "<group>"; };
		692052BC28E78A4000BD24FA /* SelectAddressView.swift */ = {isa = PBXFileReference; lastKnownFileType = sourcecode.swift; path = SelectAddressView.swift; sourceTree = "<group>"; };
		692052BE28E7B00C00BD24FA /* NearbyCitiesView.swift */ = {isa = PBXFileReference; lastKnownFileType = sourcecode.swift; path = NearbyCitiesView.swift; sourceTree = "<group>"; };
		692052C028EB689800BD24FA /* HomeViewInteractor.swift */ = {isa = PBXFileReference; lastKnownFileType = sourcecode.swift; path = HomeViewInteractor.swift; sourceTree = "<group>"; };
		692052C228EB68D700BD24FA /* HomeViewPresenter.swift */ = {isa = PBXFileReference; lastKnownFileType = sourcecode.swift; path = HomeViewPresenter.swift; sourceTree = "<group>"; };
		692052C828EB6D7E00BD24FA /* NetworkingWorker.swift */ = {isa = PBXFileReference; lastKnownFileType = sourcecode.swift; path = NetworkingWorker.swift; sourceTree = "<group>"; };
		692052CE28EB71A100BD24FA /* DealTests.xctest */ = {isa = PBXFileReference; explicitFileType = wrapper.cfbundle; includeInIndex = 0; path = DealTests.xctest; sourceTree = BUILT_PRODUCTS_DIR; };
		692052D028EB71A100BD24FA /* DealTests.swift */ = {isa = PBXFileReference; lastKnownFileType = sourcecode.swift; path = DealTests.swift; sourceTree = "<group>"; };
		692052D728EB71B900BD24FA /* NetworkingWorkerTests.swift */ = {isa = PBXFileReference; lastKnownFileType = sourcecode.swift; path = NetworkingWorkerTests.swift; sourceTree = "<group>"; };
		692052DA28EB731A00BD24FA /* City.swift */ = {isa = PBXFileReference; lastKnownFileType = sourcecode.swift; path = City.swift; sourceTree = "<group>"; };
		692052DC28EB7D7700BD24FA /* HomeViewModel.swift */ = {isa = PBXFileReference; lastKnownFileType = sourcecode.swift; path = HomeViewModel.swift; sourceTree = "<group>"; };
		692052DE28EB7DDE00BD24FA /* HomeModel.swift */ = {isa = PBXFileReference; lastKnownFileType = sourcecode.swift; path = HomeModel.swift; sourceTree = "<group>"; };
/* End PBXFileReference section */

/* Begin PBXFrameworksBuildPhase section */
		6920527B28E77E6200BD24FA /* Frameworks */ = {
			isa = PBXFrameworksBuildPhase;
			buildActionMask = 2147483647;
			files = (
			);
			runOnlyForDeploymentPostprocessing = 0;
		};
		692052CB28EB71A100BD24FA /* Frameworks */ = {
			isa = PBXFrameworksBuildPhase;
			buildActionMask = 2147483647;
			files = (
			);
			runOnlyForDeploymentPostprocessing = 0;
		};
/* End PBXFrameworksBuildPhase section */

/* Begin PBXGroup section */
		6920527528E77E6200BD24FA = {
			isa = PBXGroup;
			children = (
				6920528028E77E6200BD24FA /* Deal */,
				692052CF28EB71A100BD24FA /* DealTests */,
				6920527F28E77E6200BD24FA /* Products */,
			);
			sourceTree = "<group>";
		};
		6920527F28E77E6200BD24FA /* Products */ = {
			isa = PBXGroup;
			children = (
				6920527E28E77E6200BD24FA /* Deal.app */,
				692052CE28EB71A100BD24FA /* DealTests.xctest */,
			);
			name = Products;
			sourceTree = "<group>";
		};
		6920528028E77E6200BD24FA /* Deal */ = {
			isa = PBXGroup;
			children = (
				692052C728EB6D1F00BD24FA /* Worker */,
				692052B628E7876A00BD24FA /* Domain */,
				6920529B28E7868300BD24FA /* Coordinator */,
				6920528128E77E6200BD24FA /* AppDelegate.swift */,
				6920528328E77E6200BD24FA /* SceneDelegate.swift */,
				6920528A28E77E6600BD24FA /* Assets.xcassets */,
				6920528C28E77E6600BD24FA /* LaunchScreen.storyboard */,
				6920528F28E77E6600BD24FA /* Info.plist */,
			);
			path = Deal;
			sourceTree = "<group>";
		};
		6920529B28E7868300BD24FA /* Coordinator */ = {
			isa = PBXGroup;
			children = (
				692052A428E7870500BD24FA /* BaseCoordinator */,
				6920529C28E7869900BD24FA /* ApplicationCoordinator.swift */,
				6920529D28E7869900BD24FA /* CoordinatorFactoryProtocol.swift */,
				6920529E28E7869900BD24FA /* RooterProtocol.swift */,
				6920529F28E7869900BD24FA /* ViewControllerFactory.swift */,
			);
			path = Coordinator;
			sourceTree = "<group>";
		};
		692052A428E7870500BD24FA /* BaseCoordinator */ = {
			isa = PBXGroup;
			children = (
				692052A528E7870500BD24FA /* Enums */,
				692052A828E7870500BD24FA /* Extensions */,
				692052AA28E7870500BD24FA /* BaseCoordinator.swift */,
				692052AB28E7870500BD24FA /* Protocols */,
			);
			path = BaseCoordinator;
			sourceTree = "<group>";
		};
		692052A528E7870500BD24FA /* Enums */ = {
			isa = PBXGroup;
			children = (
				692052A628E7870500BD24FA /* DeepLinkOption.swift */,
				692052A728E7870500BD24FA /* LaunchInstructor.swift */,
			);
			path = Enums;
			sourceTree = "<group>";
		};
		692052A828E7870500BD24FA /* Extensions */ = {
			isa = PBXGroup;
			children = (
				692052A928E7870500BD24FA /* ViewController+Coordinator.swift */,
			);
			path = Extensions;
			sourceTree = "<group>";
		};
		692052AB28E7870500BD24FA /* Protocols */ = {
			isa = PBXGroup;
			children = (
				692052AC28E7870500BD24FA /* CoordinatorFinishOutput.swift */,
				692052AD28E7870500BD24FA /* Presentable.swift */,
				692052AE28E7870500BD24FA /* Coordinator.swift */,
			);
			path = Protocols;
			sourceTree = "<group>";
		};
		692052B628E7876A00BD24FA /* Domain */ = {
			isa = PBXGroup;
			children = (
				692052B728E7879A00BD24FA /* Home */,
			);
			path = Domain;
			sourceTree = "<group>";
		};
		692052B728E7879A00BD24FA /* Home */ = {
			isa = PBXGroup;
			children = (
				692052C528EB69A400BD24FA /* Scene */,
				692052C428EB699700BD24FA /* Models */,
			);
			path = Home;
			sourceTree = "<group>";
		};
		692052C428EB699700BD24FA /* Models */ = {
			isa = PBXGroup;
			children = (
				692052DC28EB7D7700BD24FA /* HomeViewModel.swift */,
				692052DE28EB7DDE00BD24FA /* HomeModel.swift */,
			);
			path = Models;
			sourceTree = "<group>";
		};
		692052C528EB69A400BD24FA /* Scene */ = {
			isa = PBXGroup;
			children = (
				692052C628EB6A0300BD24FA /* UIComponents */,
				692052B828E787F900BD24FA /* HomeViewController.swift */,
				692052B928E787F900BD24FA /* HomeViewController.xib */,
				692052C028EB689800BD24FA /* HomeViewInteractor.swift */,
				692052C228EB68D700BD24FA /* HomeViewPresenter.swift */,
			);
			path = Scene;
			sourceTree = "<group>";
		};
		692052C628EB6A0300BD24FA /* UIComponents */ = {
			isa = PBXGroup;
			children = (
				692052BC28E78A4000BD24FA /* SelectAddressView.swift */,
				692052BE28E7B00C00BD24FA /* NearbyCitiesView.swift */,
			);
			path = UIComponents;
			sourceTree = "<group>";
		};
		692052C728EB6D1F00BD24FA /* Worker */ = {
			isa = PBXGroup;
			children = (
				692052D928EB730400BD24FA /* Models */,
				692052C828EB6D7E00BD24FA /* NetworkingWorker.swift */,
			);
			path = Worker;
			sourceTree = "<group>";
		};
		692052CF28EB71A100BD24FA /* DealTests */ = {
			isa = PBXGroup;
			children = (
				692052D028EB71A100BD24FA /* DealTests.swift */,
				692052D728EB71B900BD24FA /* NetworkingWorkerTests.swift */,
			);
			path = DealTests;
			sourceTree = "<group>";
		};
		692052D928EB730400BD24FA /* Models */ = {
			isa = PBXGroup;
			children = (
				692052DA28EB731A00BD24FA /* City.swift */,
			);
			path = Models;
			sourceTree = "<group>";
		};
/* End PBXGroup section */

/* Begin PBXNativeTarget section */
		6920527D28E77E6200BD24FA /* Deal */ = {
			isa = PBXNativeTarget;
			buildConfigurationList = 6920529228E77E6600BD24FA /* Build configuration list for PBXNativeTarget "Deal" */;
			buildPhases = (
				6920527A28E77E6200BD24FA /* Sources */,
				6920527B28E77E6200BD24FA /* Frameworks */,
				6920527C28E77E6200BD24FA /* Resources */,
			);
			buildRules = (
			);
			dependencies = (
			);
			name = Deal;
			productName = Deal;
			productReference = 6920527E28E77E6200BD24FA /* Deal.app */;
			productType = "com.apple.product-type.application";
		};
		692052CD28EB71A100BD24FA /* DealTests */ = {
			isa = PBXNativeTarget;
			buildConfigurationList = 692052D428EB71A200BD24FA /* Build configuration list for PBXNativeTarget "DealTests" */;
			buildPhases = (
				692052CA28EB71A100BD24FA /* Sources */,
				692052CB28EB71A100BD24FA /* Frameworks */,
				692052CC28EB71A100BD24FA /* Resources */,
			);
			buildRules = (
			);
			dependencies = (
				692052D328EB71A100BD24FA /* PBXTargetDependency */,
			);
			name = DealTests;
			productName = DealTests;
			productReference = 692052CE28EB71A100BD24FA /* DealTests.xctest */;
			productType = "com.apple.product-type.bundle.unit-test";
		};
/* End PBXNativeTarget section */

/* Begin PBXProject section */
		6920527628E77E6200BD24FA /* Project object */ = {
			isa = PBXProject;
			attributes = {
				BuildIndependentTargetsInParallel = 1;
				LastSwiftUpdateCheck = 1340;
				LastUpgradeCheck = 1340;
				TargetAttributes = {
					6920527D28E77E6200BD24FA = {
						CreatedOnToolsVersion = 13.4.1;
					};
					692052CD28EB71A100BD24FA = {
						CreatedOnToolsVersion = 13.4.1;
						TestTargetID = 6920527D28E77E6200BD24FA;
					};
				};
			};
			buildConfigurationList = 6920527928E77E6200BD24FA /* Build configuration list for PBXProject "Deal" */;
			compatibilityVersion = "Xcode 13.0";
			developmentRegion = en;
			hasScannedForEncodings = 0;
			knownRegions = (
				en,
				Base,
			);
			mainGroup = 6920527528E77E6200BD24FA;
			productRefGroup = 6920527F28E77E6200BD24FA /* Products */;
			projectDirPath = "";
			projectRoot = "";
			targets = (
				6920527D28E77E6200BD24FA /* Deal */,
				692052CD28EB71A100BD24FA /* DealTests */,
			);
		};
/* End PBXProject section */

/* Begin PBXResourcesBuildPhase section */
		6920527C28E77E6200BD24FA /* Resources */ = {
			isa = PBXResourcesBuildPhase;
			buildActionMask = 2147483647;
			files = (
				6920528E28E77E6600BD24FA /* LaunchScreen.storyboard in Resources */,
				6920528B28E77E6600BD24FA /* Assets.xcassets in Resources */,
				692052BB28E787F900BD24FA /* HomeViewController.xib in Resources */,
			);
			runOnlyForDeploymentPostprocessing = 0;
		};
		692052CC28EB71A100BD24FA /* Resources */ = {
			isa = PBXResourcesBuildPhase;
			buildActionMask = 2147483647;
			files = (
			);
			runOnlyForDeploymentPostprocessing = 0;
		};
/* End PBXResourcesBuildPhase section */

/* Begin PBXSourcesBuildPhase section */
		6920527A28E77E6200BD24FA /* Sources */ = {
			isa = PBXSourcesBuildPhase;
			buildActionMask = 2147483647;
			files = (
				692052BD28E78A4000BD24FA /* SelectAddressView.swift in Sources */,
				692052B528E7870500BD24FA /* Coordinator.swift in Sources */,
				692052DF28EB7DDE00BD24FA /* HomeModel.swift in Sources */,
				692052BF28E7B00C00BD24FA /* NearbyCitiesView.swift in Sources */,
				692052BA28E787F900BD24FA /* HomeViewController.swift in Sources */,
				692052B228E7870500BD24FA /* BaseCoordinator.swift in Sources */,
				692052C928EB6D7E00BD24FA /* NetworkingWorker.swift in Sources */,
				692052DB28EB731A00BD24FA /* City.swift in Sources */,
				6920528228E77E6200BD24FA /* AppDelegate.swift in Sources */,
				692052A328E7869A00BD24FA /* ViewControllerFactory.swift in Sources */,
				6920528428E77E6200BD24FA /* SceneDelegate.swift in Sources */,
				692052A228E7869A00BD24FA /* RooterProtocol.swift in Sources */,
				692052B128E7870500BD24FA /* ViewController+Coordinator.swift in Sources */,
				692052B428E7870500BD24FA /* Presentable.swift in Sources */,
				692052B328E7870500BD24FA /* CoordinatorFinishOutput.swift in Sources */,
				692052C328EB68D700BD24FA /* HomeViewPresenter.swift in Sources */,
				692052A128E7869A00BD24FA /* CoordinatorFactoryProtocol.swift in Sources */,
				692052DD28EB7D7800BD24FA /* HomeViewModel.swift in Sources */,
				692052B028E7870500BD24FA /* LaunchInstructor.swift in Sources */,
				692052C128EB689800BD24FA /* HomeViewInteractor.swift in Sources */,
				692052AF28E7870500BD24FA /* DeepLinkOption.swift in Sources */,
				692052A028E7869A00BD24FA /* ApplicationCoordinator.swift in Sources */,
			);
			runOnlyForDeploymentPostprocessing = 0;
		};
		692052CA28EB71A100BD24FA /* Sources */ = {
			isa = PBXSourcesBuildPhase;
			buildActionMask = 2147483647;
			files = (
				692052D128EB71A100BD24FA /* DealTests.swift in Sources */,
				692052D828EB71BA00BD24FA /* NetworkingWorkerTests.swift in Sources */,
			);
			runOnlyForDeploymentPostprocessing = 0;
		};
/* End PBXSourcesBuildPhase section */

/* Begin PBXTargetDependency section */
		692052D328EB71A100BD24FA /* PBXTargetDependency */ = {
			isa = PBXTargetDependency;
			target = 6920527D28E77E6200BD24FA /* Deal */;
			targetProxy = 692052D228EB71A100BD24FA /* PBXContainerItemProxy */;
		};
/* End PBXTargetDependency section */

/* Begin PBXVariantGroup section */
		6920528C28E77E6600BD24FA /* LaunchScreen.storyboard */ = {
			isa = PBXVariantGroup;
			children = (
				6920528D28E77E6600BD24FA /* Base */,
			);
			name = LaunchScreen.storyboard;
			sourceTree = "<group>";
		};
/* End PBXVariantGroup section */

/* Begin XCBuildConfiguration section */
		6920529028E77E6600BD24FA /* Debug */ = {
			isa = XCBuildConfiguration;
			buildSettings = {
				ALWAYS_SEARCH_USER_PATHS = NO;
				CLANG_ANALYZER_NONNULL = YES;
				CLANG_ANALYZER_NUMBER_OBJECT_CONVERSION = YES_AGGRESSIVE;
				CLANG_CXX_LANGUAGE_STANDARD = "gnu++17";
				CLANG_ENABLE_MODULES = YES;
				CLANG_ENABLE_OBJC_ARC = YES;
				CLANG_ENABLE_OBJC_WEAK = YES;
				CLANG_WARN_BLOCK_CAPTURE_AUTORELEASING = YES;
				CLANG_WARN_BOOL_CONVERSION = YES;
				CLANG_WARN_COMMA = YES;
				CLANG_WARN_CONSTANT_CONVERSION = YES;
				CLANG_WARN_DEPRECATED_OBJC_IMPLEMENTATIONS = YES;
				CLANG_WARN_DIRECT_OBJC_ISA_USAGE = YES_ERROR;
				CLANG_WARN_DOCUMENTATION_COMMENTS = YES;
				CLANG_WARN_EMPTY_BODY = YES;
				CLANG_WARN_ENUM_CONVERSION = YES;
				CLANG_WARN_INFINITE_RECURSION = YES;
				CLANG_WARN_INT_CONVERSION = YES;
				CLANG_WARN_NON_LITERAL_NULL_CONVERSION = YES;
				CLANG_WARN_OBJC_IMPLICIT_RETAIN_SELF = YES;
				CLANG_WARN_OBJC_LITERAL_CONVERSION = YES;
				CLANG_WARN_OBJC_ROOT_CLASS = YES_ERROR;
				CLANG_WARN_QUOTED_INCLUDE_IN_FRAMEWORK_HEADER = YES;
				CLANG_WARN_RANGE_LOOP_ANALYSIS = YES;
				CLANG_WARN_STRICT_PROTOTYPES = YES;
				CLANG_WARN_SUSPICIOUS_MOVE = YES;
				CLANG_WARN_UNGUARDED_AVAILABILITY = YES_AGGRESSIVE;
				CLANG_WARN_UNREACHABLE_CODE = YES;
				CLANG_WARN__DUPLICATE_METHOD_MATCH = YES;
				COPY_PHASE_STRIP = NO;
				DEBUG_INFORMATION_FORMAT = dwarf;
				ENABLE_STRICT_OBJC_MSGSEND = YES;
				ENABLE_TESTABILITY = YES;
				GCC_C_LANGUAGE_STANDARD = gnu11;
				GCC_DYNAMIC_NO_PIC = NO;
				GCC_NO_COMMON_BLOCKS = YES;
				GCC_OPTIMIZATION_LEVEL = 0;
				GCC_PREPROCESSOR_DEFINITIONS = (
					"DEBUG=1",
					"$(inherited)",
				);
				GCC_WARN_64_TO_32_BIT_CONVERSION = YES;
				GCC_WARN_ABOUT_RETURN_TYPE = YES_ERROR;
				GCC_WARN_UNDECLARED_SELECTOR = YES;
				GCC_WARN_UNINITIALIZED_AUTOS = YES_AGGRESSIVE;
				GCC_WARN_UNUSED_FUNCTION = YES;
				GCC_WARN_UNUSED_VARIABLE = YES;
				IPHONEOS_DEPLOYMENT_TARGET = 15.5;
				MTL_ENABLE_DEBUG_INFO = INCLUDE_SOURCE;
				MTL_FAST_MATH = YES;
				ONLY_ACTIVE_ARCH = YES;
				SDKROOT = iphoneos;
				SWIFT_ACTIVE_COMPILATION_CONDITIONS = DEBUG;
				SWIFT_OPTIMIZATION_LEVEL = "-Onone";
			};
			name = Debug;
		};
		6920529128E77E6600BD24FA /* Release */ = {
			isa = XCBuildConfiguration;
			buildSettings = {
				ALWAYS_SEARCH_USER_PATHS = NO;
				CLANG_ANALYZER_NONNULL = YES;
				CLANG_ANALYZER_NUMBER_OBJECT_CONVERSION = YES_AGGRESSIVE;
				CLANG_CXX_LANGUAGE_STANDARD = "gnu++17";
				CLANG_ENABLE_MODULES = YES;
				CLANG_ENABLE_OBJC_ARC = YES;
				CLANG_ENABLE_OBJC_WEAK = YES;
				CLANG_WARN_BLOCK_CAPTURE_AUTORELEASING = YES;
				CLANG_WARN_BOOL_CONVERSION = YES;
				CLANG_WARN_COMMA = YES;
				CLANG_WARN_CONSTANT_CONVERSION = YES;
				CLANG_WARN_DEPRECATED_OBJC_IMPLEMENTATIONS = YES;
				CLANG_WARN_DIRECT_OBJC_ISA_USAGE = YES_ERROR;
				CLANG_WARN_DOCUMENTATION_COMMENTS = YES;
				CLANG_WARN_EMPTY_BODY = YES;
				CLANG_WARN_ENUM_CONVERSION = YES;
				CLANG_WARN_INFINITE_RECURSION = YES;
				CLANG_WARN_INT_CONVERSION = YES;
				CLANG_WARN_NON_LITERAL_NULL_CONVERSION = YES;
				CLANG_WARN_OBJC_IMPLICIT_RETAIN_SELF = YES;
				CLANG_WARN_OBJC_LITERAL_CONVERSION = YES;
				CLANG_WARN_OBJC_ROOT_CLASS = YES_ERROR;
				CLANG_WARN_QUOTED_INCLUDE_IN_FRAMEWORK_HEADER = YES;
				CLANG_WARN_RANGE_LOOP_ANALYSIS = YES;
				CLANG_WARN_STRICT_PROTOTYPES = YES;
				CLANG_WARN_SUSPICIOUS_MOVE = YES;
				CLANG_WARN_UNGUARDED_AVAILABILITY = YES_AGGRESSIVE;
				CLANG_WARN_UNREACHABLE_CODE = YES;
				CLANG_WARN__DUPLICATE_METHOD_MATCH = YES;
				COPY_PHASE_STRIP = NO;
				DEBUG_INFORMATION_FORMAT = "dwarf-with-dsym";
				ENABLE_NS_ASSERTIONS = NO;
				ENABLE_STRICT_OBJC_MSGSEND = YES;
				GCC_C_LANGUAGE_STANDARD = gnu11;
				GCC_NO_COMMON_BLOCKS = YES;
				GCC_WARN_64_TO_32_BIT_CONVERSION = YES;
				GCC_WARN_ABOUT_RETURN_TYPE = YES_ERROR;
				GCC_WARN_UNDECLARED_SELECTOR = YES;
				GCC_WARN_UNINITIALIZED_AUTOS = YES_AGGRESSIVE;
				GCC_WARN_UNUSED_FUNCTION = YES;
				GCC_WARN_UNUSED_VARIABLE = YES;
				IPHONEOS_DEPLOYMENT_TARGET = 15.5;
				MTL_ENABLE_DEBUG_INFO = NO;
				MTL_FAST_MATH = YES;
				SDKROOT = iphoneos;
				SWIFT_COMPILATION_MODE = wholemodule;
				SWIFT_OPTIMIZATION_LEVEL = "-O";
				VALIDATE_PRODUCT = YES;
			};
			name = Release;
		};
		6920529328E77E6600BD24FA /* Debug */ = {
			isa = XCBuildConfiguration;
			buildSettings = {
				ASSETCATALOG_COMPILER_APPICON_NAME = AppIcon;
				ASSETCATALOG_COMPILER_GLOBAL_ACCENT_COLOR_NAME = AccentColor;
				CODE_SIGN_STYLE = Automatic;
				CURRENT_PROJECT_VERSION = 1;
				GENERATE_INFOPLIST_FILE = YES;
				INFOPLIST_FILE = Deal/Info.plist;
				INFOPLIST_KEY_UIApplicationSupportsIndirectInputEvents = YES;
				INFOPLIST_KEY_UILaunchStoryboardName = LaunchScreen;
				INFOPLIST_KEY_UISupportedInterfaceOrientations_iPad = "UIInterfaceOrientationPortrait UIInterfaceOrientationPortraitUpsideDown UIInterfaceOrientationLandscapeLeft UIInterfaceOrientationLandscapeRight";
				INFOPLIST_KEY_UISupportedInterfaceOrientations_iPhone = "UIInterfaceOrientationPortrait UIInterfaceOrientationLandscapeLeft UIInterfaceOrientationLandscapeRight";
				LD_RUNPATH_SEARCH_PATHS = (
					"$(inherited)",
					"@executable_path/Frameworks",
				);
				MARKETING_VERSION = 1.0;
				PRODUCT_BUNDLE_IDENTIFIER = hsk.zapouh.Deal;
				PRODUCT_NAME = "$(TARGET_NAME)";
				SWIFT_EMIT_LOC_STRINGS = YES;
				SWIFT_VERSION = 5.0;
				TARGETED_DEVICE_FAMILY = "1,2";
			};
			name = Debug;
		};
		6920529428E77E6600BD24FA /* Release */ = {
			isa = XCBuildConfiguration;
			buildSettings = {
				ASSETCATALOG_COMPILER_APPICON_NAME = AppIcon;
				ASSETCATALOG_COMPILER_GLOBAL_ACCENT_COLOR_NAME = AccentColor;
				CODE_SIGN_STYLE = Automatic;
				CURRENT_PROJECT_VERSION = 1;
				GENERATE_INFOPLIST_FILE = YES;
				INFOPLIST_FILE = Deal/Info.plist;
				INFOPLIST_KEY_UIApplicationSupportsIndirectInputEvents = YES;
				INFOPLIST_KEY_UILaunchStoryboardName = LaunchScreen;
				INFOPLIST_KEY_UISupportedInterfaceOrientations_iPad = "UIInterfaceOrientationPortrait UIInterfaceOrientationPortraitUpsideDown UIInterfaceOrientationLandscapeLeft UIInterfaceOrientationLandscapeRight";
				INFOPLIST_KEY_UISupportedInterfaceOrientations_iPhone = "UIInterfaceOrientationPortrait UIInterfaceOrientationLandscapeLeft UIInterfaceOrientationLandscapeRight";
				LD_RUNPATH_SEARCH_PATHS = (
					"$(inherited)",
					"@executable_path/Frameworks",
				);
				MARKETING_VERSION = 1.0;
				PRODUCT_BUNDLE_IDENTIFIER = hsk.zapouh.Deal;
				PRODUCT_NAME = "$(TARGET_NAME)";
				SWIFT_EMIT_LOC_STRINGS = YES;
				SWIFT_VERSION = 5.0;
				TARGETED_DEVICE_FAMILY = "1,2";
			};
			name = Release;
		};
		692052D528EB71A200BD24FA /* Debug */ = {
			isa = XCBuildConfiguration;
			buildSettings = {
				BUNDLE_LOADER = "$(TEST_HOST)";
				CODE_SIGN_STYLE = Automatic;
				CURRENT_PROJECT_VERSION = 1;
				GENERATE_INFOPLIST_FILE = YES;
				MARKETING_VERSION = 1.0;
				PRODUCT_BUNDLE_IDENTIFIER = hsk.zapouh.DealTests;
				PRODUCT_NAME = "$(TARGET_NAME)";
				SWIFT_EMIT_LOC_STRINGS = NO;
				SWIFT_VERSION = 5.0;
				TARGETED_DEVICE_FAMILY = "1,2";
				TEST_HOST = "$(BUILT_PRODUCTS_DIR)/Deal.app/Deal";
			};
			name = Debug;
		};
		692052D628EB71A200BD24FA /* Release */ = {
			isa = XCBuildConfiguration;
			buildSettings = {
				BUNDLE_LOADER = "$(TEST_HOST)";
				CODE_SIGN_STYLE = Automatic;
				CURRENT_PROJECT_VERSION = 1;
				GENERATE_INFOPLIST_FILE = YES;
				MARKETING_VERSION = 1.0;
				PRODUCT_BUNDLE_IDENTIFIER = hsk.zapouh.DealTests;
				PRODUCT_NAME = "$(TARGET_NAME)";
				SWIFT_EMIT_LOC_STRINGS = NO;
				SWIFT_VERSION = 5.0;
				TARGETED_DEVICE_FAMILY = "1,2";
				TEST_HOST = "$(BUILT_PRODUCTS_DIR)/Deal.app/Deal";
			};
			name = Release;
		};
/* End XCBuildConfiguration section */

/* Begin XCConfigurationList section */
		6920527928E77E6200BD24FA /* Build configuration list for PBXProject "Deal" */ = {
			isa = XCConfigurationList;
			buildConfigurations = (
				6920529028E77E6600BD24FA /* Debug */,
				6920529128E77E6600BD24FA /* Release */,
			);
			defaultConfigurationIsVisible = 0;
			defaultConfigurationName = Release;
		};
		6920529228E77E6600BD24FA /* Build configuration list for PBXNativeTarget "Deal" */ = {
			isa = XCConfigurationList;
			buildConfigurations = (
				6920529328E77E6600BD24FA /* Debug */,
				6920529428E77E6600BD24FA /* Release */,
			);
			defaultConfigurationIsVisible = 0;
			defaultConfigurationName = Release;
		};
		692052D428EB71A200BD24FA /* Build configuration list for PBXNativeTarget "DealTests" */ = {
			isa = XCConfigurationList;
			buildConfigurations = (
				692052D528EB71A200BD24FA /* Debug */,
				692052D628EB71A200BD24FA /* Release */,
			);
			defaultConfigurationIsVisible = 0;
			defaultConfigurationName = Release;
		};
/* End XCConfigurationList section */
	};
	rootObject = 6920527628E77E6200BD24FA /* Project object */;
}
